// !$*UTF8*$!
{
	archiveVersion = 1;
	classes = {
	};
	objectVersion = 46;
	objects = {

/* Begin PBXBuildFile section */
		5A0D8A671D62BDC9000D57D6 /* Minecraft.ttf in Resources */ = {isa = PBXBuildFile; fileRef = 5A0D8A661D62BDC9000D57D6 /* Minecraft.ttf */; };
		5A5B7A7E1D63D4CB00F7B816 /* Character.swift in Sources */ = {isa = PBXBuildFile; fileRef = 5A5B7A7D1D63D4CB00F7B816 /* Character.swift */; };
		5ABFAD121D694B0D00112129 /* Player.swift in Sources */ = {isa = PBXBuildFile; fileRef = 5ABFAD111D694B0D00112129 /* Player.swift */; };
		5ACBA3911D65102000FED55B /* TheFightMusic.mp3 in Resources */ = {isa = PBXBuildFile; fileRef = 5ACBA3901D65102000FED55B /* TheFightMusic.mp3 */; };
		5AE084141D61584100687B6F /* AppDelegate.swift in Sources */ = {isa = PBXBuildFile; fileRef = 5AE084131D61584100687B6F /* AppDelegate.swift */; };
		5AE084161D61584100687B6F /* ViewController.swift in Sources */ = {isa = PBXBuildFile; fileRef = 5AE084151D61584100687B6F /* ViewController.swift */; };
		5AE084191D61584100687B6F /* Main.storyboard in Resources */ = {isa = PBXBuildFile; fileRef = 5AE084171D61584100687B6F /* Main.storyboard */; };
		5AE0841B1D61584100687B6F /* Assets.xcassets in Resources */ = {isa = PBXBuildFile; fileRef = 5AE0841A1D61584100687B6F /* Assets.xcassets */; };
		5AE0841E1D61584100687B6F /* LaunchScreen.storyboard in Resources */ = {isa = PBXBuildFile; fileRef = 5AE0841C1D61584100687B6F /* LaunchScreen.storyboard */; };
/* End PBXBuildFile section */

/* Begin PBXFileReference section */
		5A0D8A661D62BDC9000D57D6 /* Minecraft.ttf */ = {isa = PBXFileReference; lastKnownFileType = file; path = Minecraft.ttf; sourceTree = "<group>"; };
		5A5B7A7D1D63D4CB00F7B816 /* Character.swift */ = {isa = PBXFileReference; fileEncoding = 4; lastKnownFileType = sourcecode.swift; path = Character.swift; sourceTree = "<group>"; };
		5ABFAD111D694B0D00112129 /* Player.swift */ = {isa = PBXFileReference; fileEncoding = 4; lastKnownFileType = sourcecode.swift; path = Player.swift; sourceTree = "<group>"; };
		5ACBA3901D65102000FED55B /* TheFightMusic.mp3 */ = {isa = PBXFileReference; lastKnownFileType = audio.mp3; name = TheFightMusic.mp3; path = ../TheFightMusic.mp3; sourceTree = "<group>"; };
		5AE084101D61584100687B6F /* Orc-vs-Solider.app */ = {isa = PBXFileReference; explicitFileType = wrapper.application; includeInIndex = 0; path = "Orc-vs-Solider.app"; sourceTree = BUILT_PRODUCTS_DIR; };
		5AE084131D61584100687B6F /* AppDelegate.swift */ = {isa = PBXFileReference; lastKnownFileType = sourcecode.swift; path = AppDelegate.swift; sourceTree = "<group>"; };
		5AE084151D61584100687B6F /* ViewController.swift */ = {isa = PBXFileReference; lastKnownFileType = sourcecode.swift; path = ViewController.swift; sourceTree = "<group>"; };
		5AE084181D61584100687B6F /* Base */ = {isa = PBXFileReference; lastKnownFileType = file.storyboard; name = Base; path = Base.lproj/Main.storyboard; sourceTree = "<group>"; };
		5AE0841A1D61584100687B6F /* Assets.xcassets */ = {isa = PBXFileReference; lastKnownFileType = folder.assetcatalog; path = Assets.xcassets; sourceTree = "<group>"; };
		5AE0841D1D61584100687B6F /* Base */ = {isa = PBXFileReference; lastKnownFileType = file.storyboard; name = Base; path = Base.lproj/LaunchScreen.storyboard; sourceTree = "<group>"; };
		5AE0841F1D61584100687B6F /* Info.plist */ = {isa = PBXFileReference; lastKnownFileType = text.plist.xml; path = Info.plist; sourceTree = "<group>"; };
/* End PBXFileReference section */

/* Begin PBXFrameworksBuildPhase section */
		5AE0840D1D61584100687B6F /* Frameworks */ = {
			isa = PBXFrameworksBuildPhase;
			buildActionMask = 2147483647;
			files = (
			);
			runOnlyForDeploymentPostprocessing = 0;
		};
/* End PBXFrameworksBuildPhase section */

/* Begin PBXGroup section */
		5AE084071D61584100687B6F = {
			isa = PBXGroup;
			children = (
				5AE084121D61584100687B6F /* Orc-vs-Solider */,
				5AE084111D61584100687B6F /* Products */,
			);
			sourceTree = "<group>";
		};
		5AE084111D61584100687B6F /* Products */ = {
			isa = PBXGroup;
			children = (
				5AE084101D61584100687B6F /* Orc-vs-Solider.app */,
			);
			name = Products;
			sourceTree = "<group>";
		};
		5AE084121D61584100687B6F /* Orc-vs-Solider */ = {
			isa = PBXGroup;
			children = (
				5ACBA3901D65102000FED55B /* TheFightMusic.mp3 */,
				5A0D8A661D62BDC9000D57D6 /* Minecraft.ttf */,
				5AE084131D61584100687B6F /* AppDelegate.swift */,
				5AE084151D61584100687B6F /* ViewController.swift */,
				5AE084171D61584100687B6F /* Main.storyboard */,
				5AE0841A1D61584100687B6F /* Assets.xcassets */,
				5AE0841C1D61584100687B6F /* LaunchScreen.storyboard */,
				5AE0841F1D61584100687B6F /* Info.plist */,
				5A5B7A7D1D63D4CB00F7B816 /* Character.swift */,
				5ABFAD111D694B0D00112129 /* Player.swift */,
			);
			path = "Orc-vs-Solider";
			sourceTree = "<group>";
		};
/* End PBXGroup section */

/* Begin PBXNativeTarget section */
		5AE0840F1D61584100687B6F /* Orc-vs-Solider */ = {
			isa = PBXNativeTarget;
			buildConfigurationList = 5AE084221D61584100687B6F /* Build configuration list for PBXNativeTarget "Orc-vs-Solider" */;
			buildPhases = (
				5AE0840C1D61584100687B6F /* Sources */,
				5AE0840D1D61584100687B6F /* Frameworks */,
				5AE0840E1D61584100687B6F /* Resources */,
			);
			buildRules = (
			);
			dependencies = (
			);
			name = "Orc-vs-Solider";
			productName = "Orc-vs-Solider";
			productReference = 5AE084101D61584100687B6F /* Orc-vs-Solider.app */;
			productType = "com.apple.product-type.application";
		};
/* End PBXNativeTarget section */

/* Begin PBXProject section */
		5AE084081D61584100687B6F /* Project object */ = {
			isa = PBXProject;
			attributes = {
				LastSwiftUpdateCheck = 0730;
				LastUpgradeCheck = 0730;
				ORGANIZATIONNAME = "Phu Nguyen";
				TargetAttributes = {
					5AE0840F1D61584100687B6F = {
						CreatedOnToolsVersion = 7.3.1;
					};
				};
			};
			buildConfigurationList = 5AE0840B1D61584100687B6F /* Build configuration list for PBXProject "Orc-vs-Solider" */;
			compatibilityVersion = "Xcode 3.2";
			developmentRegion = English;
			hasScannedForEncodings = 0;
			knownRegions = (
				en,
				Base,
			);
			mainGroup = 5AE084071D61584100687B6F;
			productRefGroup = 5AE084111D61584100687B6F /* Products */;
			projectDirPath = "";
			projectRoot = "";
			targets = (
				5AE0840F1D61584100687B6F /* Orc-vs-Solider */,
			);
		};
/* End PBXProject section */

/* Begin PBXResourcesBuildPhase section */
		5AE0840E1D61584100687B6F /* Resources */ = {
			isa = PBXResourcesBuildPhase;
			buildActionMask = 2147483647;
			files = (
				5AE0841E1D61584100687B6F /* LaunchScreen.storyboard in Resources */,
				5AE0841B1D61584100687B6F /* Assets.xcassets in Resources */,
				5A0D8A671D62BDC9000D57D6 /* Minecraft.ttf in Resources */,
				5AE084191D61584100687B6F /* Main.storyboard in Resources */,
				5ACBA3911D65102000FED55B /* TheFightMusic.mp3 in Resources */,
			);
			runOnlyForDeploymentPostprocessing = 0;
		};
/* End PBXResourcesBuildPhase section */

/* Begin PBXSourcesBuildPhase section */
		5AE0840C1D61584100687B6F /* Sources */ = {
			isa = PBXSourcesBuildPhase;
			buildActionMask = 2147483647;
			files = (
				5ABFAD121D694B0D00112129 /* Player.swift in Sources */,
				5A5B7A7E1D63D4CB00F7B816 /* Character.swift in Sources */,
				5AE084161D61584100687B6F /* ViewController.swift in Sources */,
				5AE084141D61584100687B6F /* AppDelegate.swift in Sources */,
			);
			runOnlyForDeploymentPostprocessing = 0;
		};
/* End PBXSourcesBuildPhase section */

/* Begin PBXVariantGroup section */
		5AE084171D61584100687B6F /* Main.storyboard */ = {
			isa = PBXVariantGroup;
			children = (
				5AE084181D61584100687B6F /* Base */,
			);
			name = Main.storyboard;
			sourceTree = "<group>";
		};
		5AE0841C1D61584100687B6F /* LaunchScreen.storyboard */ = {
			isa = PBXVariantGroup;
			children = (
				5AE0841D1D61584100687B6F /* Base */,
			);
			name = LaunchScreen.storyboard;
			sourceTree = "<group>";
		};
/* End PBXVariantGroup section */

/* Begin XCBuildConfiguration section */
		5AE084201D61584100687B6F /* Debug */ = {
			isa = XCBuildConfiguration;
			buildSettings = {
				ALWAYS_SEARCH_USER_PATHS = NO;
				CLANG_ANALYZER_NONNULL = YES;
				CLANG_CXX_LANGUAGE_STANDARD = "gnu++0x";
				CLANG_CXX_LIBRARY = "libc++";
				CLANG_ENABLE_MODULES = YES;
				CLANG_ENABLE_OBJC_ARC = YES;
				CLANG_WARN_BOOL_CONVERSION = YES;
				CLANG_WARN_CONSTANT_CONVERSION = YES;
				CLANG_WARN_DIRECT_OBJC_ISA_USAGE = YES_ERROR;
				CLANG_WARN_EMPTY_BODY = YES;
				CLANG_WARN_ENUM_CONVERSION = YES;
				CLANG_WARN_INT_CONVERSION = YES;
				CLANG_WARN_OBJC_ROOT_CLASS = YES_ERROR;
				CLANG_WARN_UNREACHABLE_CODE = YES;
				CLANG_WARN__DUPLICATE_METHOD_MATCH = YES;
				"CODE_SIGN_IDENTITY[sdk=iphoneos*]" = "iPhone Developer";
				COPY_PHASE_STRIP = NO;
				DEBUG_INFORMATION_FORMAT = dwarf;
				ENABLE_STRICT_OBJC_MSGSEND = YES;
				ENABLE_TESTABILITY = YES;
				GCC_C_LANGUAGE_STANDARD = gnu99;
				GCC_DYNAMIC_NO_PIC = NO;
				GCC_NO_COMMON_BLOCKS = YES;
				GCC_OPTIMIZATION_LEVEL = 0;
				GCC_PREPROCESSOR_DEFINITIONS = (
					"DEBUG=1",
					"$(inherited)",
				);
				GCC_WARN_64_TO_32_BIT_CONVERSION = YES;
				GCC_WARN_ABOUT_RETURN_TYPE = YES_ERROR;
				GCC_WARN_UNDECLARED_SELECTOR = YES;
				GCC_WARN_UNINITIALIZED_AUTOS = YES_AGGRESSIVE;
				GCC_WARN_UNUSED_FUNCTION = YES;
				GCC_WARN_UNUSED_VARIABLE = YES;
				IPHONEOS_DEPLOYMENT_TARGET = 9.3;
				MTL_ENABLE_DEBUG_INFO = YES;
				ONLY_ACTIVE_ARCH = YES;
				SDKROOT = iphoneos;
				SWIFT_OPTIMIZATION_LEVEL = "-Onone";
				TARGETED_DEVICE_FAMILY = "1,2";
			};
			name = Debug;
		};
		5AE084211D61584100687B6F /* Release */ = {
			isa = XCBuildConfiguration;
			buildSettings = {
				ALWAYS_SEARCH_USER_PATHS = NO;
				CLANG_ANALYZER_NONNULL = YES;
				CLANG_CXX_LANGUAGE_STANDARD = "gnu++0x";
				CLANG_CXX_LIBRARY = "libc++";
				CLANG_ENABLE_MODULES = YES;
				CLANG_ENABLE_OBJC_ARC = YES;
				CLANG_WARN_BOOL_CONVERSION = YES;
				CLANG_WARN_CONSTANT_CONVERSION = YES;
				CLANG_WARN_DIRECT_OBJC_ISA_USAGE = YES_ERROR;
				CLANG_WARN_EMPTY_BODY = YES;
				CLANG_WARN_ENUM_CONVERSION = YES;
				CLANG_WARN_INT_CONVERSION = YES;
				CLANG_WARN_OBJC_ROOT_CLASS = YES_ERROR;
				CLANG_WARN_UNREACHABLE_CODE = YES;
				CLANG_WARN__DUPLICATE_METHOD_MATCH = YES;
				"CODE_SIGN_IDENTITY[sdk=iphoneos*]" = "iPhone Developer";
				COPY_PHASE_STRIP = NO;
				DEBUG_INFORMATION_FORMAT = "dwarf-with-dsym";
				ENABLE_NS_ASSERTIONS = NO;
				ENABLE_STRICT_OBJC_MSGSEND = YES;
				GCC_C_LANGUAGE_STANDARD = gnu99;
				GCC_NO_COMMON_BLOCKS = YES;
				GCC_WARN_64_TO_32_BIT_CONVERSION = YES;
				GCC_WARN_ABOUT_RETURN_TYPE = YES_ERROR;
				GCC_WARN_UNDECLARED_SELECTOR = YES;
				GCC_WARN_UNINITIALIZED_AUTOS = YES_AGGRESSIVE;
				GCC_WARN_UNUSED_FUNCTION = YES;
				GCC_WARN_UNUSED_VARIABLE = YES;
				IPHONEOS_DEPLOYMENT_TARGET = 9.3;
				MTL_ENABLE_DEBUG_INFO = NO;
				SDKROOT = iphoneos;
				TARGETED_DEVICE_FAMILY = "1,2";
				VALIDATE_PRODUCT = YES;
			};
			name = Release;
		};
		5AE084231D61584100687B6F /* Debug */ = {
			isa = XCBuildConfiguration;
			buildSettings = {
				ASSETCATALOG_COMPILER_APPICON_NAME = AppIcon;
				INFOPLIST_FILE = "Orc-vs-Solider/Info.plist";
				LD_RUNPATH_SEARCH_PATHS = "$(inherited) @executable_path/Frameworks";
				PRODUCT_BUNDLE_IDENTIFIER = "phu.Orc-vs-Solider";
				PRODUCT_NAME = "$(TARGET_NAME)";
			};
			name = Debug;
		};
		5AE084241D61584100687B6F /* Release */ = {
			isa = XCBuildConfiguration;
			buildSettings = {
				ASSETCATALOG_COMPILER_APPICON_NAME = AppIcon;
				INFOPLIST_FILE = "Orc-vs-Solider/Info.plist";
				LD_RUNPATH_SEARCH_PATHS = "$(inherited) @executable_path/Frameworks";
				PRODUCT_BUNDLE_IDENTIFIER = "phu.Orc-vs-Solider";
				PRODUCT_NAME = "$(TARGET_NAME)";
			};
			name = Release;
		};
/* End XCBuildConfiguration section */

/* Begin XCConfigurationList section */
		5AE0840B1D61584100687B6F /* Build configuration list for PBXProject "Orc-vs-Solider" */ = {
			isa = XCConfigurationList;
			buildConfigurations = (
				5AE084201D61584100687B6F /* Debug */,
				5AE084211D61584100687B6F /* Release */,
			);
			defaultConfigurationIsVisible = 0;
			defaultConfigurationName = Release;
		};
		5AE084221D61584100687B6F /* Build configuration list for PBXNativeTarget "Orc-vs-Solider" */ = {
			isa = XCConfigurationList;
			buildConfigurations = (
				5AE084231D61584100687B6F /* Debug */,
				5AE084241D61584100687B6F /* Release */,
			);
			defaultConfigurationIsVisible = 0;
			defaultConfigurationName = Release;
		};
/* End XCConfigurationList section */
	};
	rootObject = 5AE084081D61584100687B6F /* Project object */;
}
